
Microsoft Visual Studio Solution File, Format Version 12.00
# Visual Studio Version 17
VisualStudioVersion = 17.11.35327.3
MinimumVisualStudioVersion = 10.0.40219.1
Project("{FAE04EC0-301F-11D3-BF4B-00C04F79EFBC}") = "E-TicktsCinma", "E-TicktsCinma\E-TicktsCinma.csproj", "{F1D0FDD3-57FD-4CE8-A97F-D52C3C73A8EE}"
EndProject
Global
	GlobalSection(SolutionConfigurationPlatforms) = preSolution
		Debug|Any CPU = Debug|Any CPU
		Release|Any CPU = Release|Any CPU
	EndGlobalSection
	GlobalSection(ProjectConfigurationPlatforms) = postSolution
		{F1D0FDD3-57FD-4CE8-A97F-D52C3C73A8EE}.Debug|Any CPU.ActiveCfg = Debug|Any CPU
		{F1D0FDD3-57FD-4CE8-A97F-D52C3C73A8EE}.Debug|Any CPU.Build.0 = Debug|Any CPU
		{F1D0FDD3-57FD-4CE8-A97F-D52C3C73A8EE}.Release|Any CPU.ActiveCfg = Release|Any CPU
		{F1D0FDD3-57FD-4CE8-A97F-D52C3C73A8EE}.Release|Any CPU.Build.0 = Release|Any CPU
	EndGlobalSection
	GlobalSection(SolutionProperties) = preSolution
		HideSolutionNode = FALSE
	EndGlobalSection
	GlobalSection(ExtensibilityGlobals) = postSolution
		SolutionGuid = {B465FD4C-3273-43AB-BC7C-569C76AEBF9A}
	EndGlobalSection
EndGlobal
